
Microsoft Visual Studio Solution File, Format Version 12.00
# Visual Studio Version 16
VisualStudioVersion = 16.0.30621.155
MinimumVisualStudioVersion = 10.0.40219.1
Project("{FAE04EC0-301F-11D3-BF4B-00C04F79EFBC}") = "Avanade.Cloud", "Avanade.Cloud\Avanade.Cloud.csproj", "{AA8B2FE1-DB17-4DB2-98AE-F5AD568D0961}"
EndProject
Global
	GlobalSection(SolutionConfigurationPlatforms) = preSolution
		Debug|Any CPU = Debug|Any CPU
		Release|Any CPU = Release|Any CPU
	EndGlobalSection
	GlobalSection(ProjectConfigurationPlatforms) = postSolution
		{AA8B2FE1-DB17-4DB2-98AE-F5AD568D0961}.Debug|Any CPU.ActiveCfg = Debug|Any CPU
		{AA8B2FE1-DB17-4DB2-98AE-F5AD568D0961}.Debug|Any CPU.Build.0 = Debug|Any CPU
		{AA8B2FE1-DB17-4DB2-98AE-F5AD568D0961}.Release|Any CPU.ActiveCfg = Release|Any CPU
		{AA8B2FE1-DB17-4DB2-98AE-F5AD568D0961}.Release|Any CPU.Build.0 = Release|Any CPU
	EndGlobalSection
	GlobalSection(SolutionProperties) = preSolution
		HideSolutionNode = FALSE
	EndGlobalSection
	GlobalSection(ExtensibilityGlobals) = postSolution
		SolutionGuid = {2AE6C956-8A96-4B9D-BD52-F517089644B0}
	EndGlobalSection
EndGlobal
